
Microsoft Visual Studio Solution File, Format Version 12.00
# Visual Studio Version 17
VisualStudioVersion = 17.9.34728.123
MinimumVisualStudioVersion = 10.0.40219.1
Project("{8BC9CEB8-8B4A-11D0-8D11-00A0C91BC942}") = "juegodecartas", "juegodecartas\juegodecartas.vcxproj", "{659AC305-2971-4A9C-BC9D-0DC96D7515ED}"
EndProject
Global
	GlobalSection(SolutionConfigurationPlatforms) = preSolution
		Debug|x64 = Debug|x64
		Debug|x86 = Debug|x86
		Release|x64 = Release|x64
		Release|x86 = Release|x86
	EndGlobalSection
	GlobalSection(ProjectConfigurationPlatforms) = postSolution
		{659AC305-2971-4A9C-BC9D-0DC96D7515ED}.Debug|x64.ActiveCfg = Debug|x64
		{659AC305-2971-4A9C-BC9D-0DC96D7515ED}.Debug|x64.Build.0 = Debug|x64
		{659AC305-2971-4A9C-BC9D-0DC96D7515ED}.Debug|x86.ActiveCfg = Debug|Win32
		{659AC305-2971-4A9C-BC9D-0DC96D7515ED}.Debug|x86.Build.0 = Debug|Win32
		{659AC305-2971-4A9C-BC9D-0DC96D7515ED}.Release|x64.ActiveCfg = Release|x64
		{659AC305-2971-4A9C-BC9D-0DC96D7515ED}.Release|x64.Build.0 = Release|x64
		{659AC305-2971-4A9C-BC9D-0DC96D7515ED}.Release|x86.ActiveCfg = Release|Win32
		{659AC305-2971-4A9C-BC9D-0DC96D7515ED}.Release|x86.Build.0 = Release|Win32
	EndGlobalSection
	GlobalSection(SolutionProperties) = preSolution
		HideSolutionNode = FALSE
	EndGlobalSection
	GlobalSection(ExtensibilityGlobals) = postSolution
		SolutionGuid = {AAEAF761-8FB4-4022-9F60-B43ACC6FBDCA}
	EndGlobalSection
EndGlobal
